
Microsoft Visual Studio Solution File, Format Version 12.00
# Visual Studio Version 17
VisualStudioVersion = 17.2.32519.379
MinimumVisualStudioVersion = 10.0.40219.1
Project("{9A19103F-16F7-4668-BE54-9A1E7A4F7556}") = "winforproj", "winforproj.csproj", "{6B38FFD0-E0ED-4142-8E96-5A11BB2D3C5A}"
EndProject
Global
	GlobalSection(SolutionConfigurationPlatforms) = preSolution
		Debug|Any CPU = Debug|Any CPU
		Release|Any CPU = Release|Any CPU
	EndGlobalSection
	GlobalSection(ProjectConfigurationPlatforms) = postSolution
		{6B38FFD0-E0ED-4142-8E96-5A11BB2D3C5A}.Debug|Any CPU.ActiveCfg = Debug|Any CPU
		{6B38FFD0-E0ED-4142-8E96-5A11BB2D3C5A}.Debug|Any CPU.Build.0 = Debug|Any CPU
		{6B38FFD0-E0ED-4142-8E96-5A11BB2D3C5A}.Release|Any CPU.ActiveCfg = Release|Any CPU
		{6B38FFD0-E0ED-4142-8E96-5A11BB2D3C5A}.Release|Any CPU.Build.0 = Release|Any CPU
	EndGlobalSection
	GlobalSection(SolutionProperties) = preSolution
		HideSolutionNode = FALSE
	EndGlobalSection
	GlobalSection(ExtensibilityGlobals) = postSolution
		SolutionGuid = {DE7CEB2F-3CDC-4C45-B221-9BF2FE07BF43}
	EndGlobalSection
EndGlobal
